// !$*UTF8*$!
{
	archiveVersion = 1;
	classes = {
	};
	objectVersion = 55;
	objects = {

/* Begin PBXBuildFile section */
		D97E92F52859A29600D1D9F0 /* AppDelegate.m in Sources */ = {isa = PBXBuildFile; fileRef = D97E92F42859A29600D1D9F0 /* AppDelegate.m */; };
		D97E92F82859A29600D1D9F0 /* SceneDelegate.m in Sources */ = {isa = PBXBuildFile; fileRef = D97E92F72859A29600D1D9F0 /* SceneDelegate.m */; };
		D97E92FB2859A29600D1D9F0 /* ViewController.m in Sources */ = {isa = PBXBuildFile; fileRef = D97E92FA2859A29600D1D9F0 /* ViewController.m */; };
		D97E92FE2859A29600D1D9F0 /* Main.storyboard in Resources */ = {isa = PBXBuildFile; fileRef = D97E92FC2859A29600D1D9F0 /* Main.storyboard */; };
		D97E93002859A29800D1D9F0 /* Assets.xcassets in Resources */ = {isa = PBXBuildFile; fileRef = D97E92FF2859A29800D1D9F0 /* Assets.xcassets */; };
		D97E93032859A29800D1D9F0 /* LaunchScreen.storyboard in Resources */ = {isa = PBXBuildFile; fileRef = D97E93012859A29800D1D9F0 /* LaunchScreen.storyboard */; };
		D97E93062859A29800D1D9F0 /* main.m in Sources */ = {isa = PBXBuildFile; fileRef = D97E93052859A29800D1D9F0 /* main.m */; };
		D97E93102859A29800D1D9F0 /* TipsterTests.m in Sources */ = {isa = PBXBuildFile; fileRef = D97E930F2859A29800D1D9F0 /* TipsterTests.m */; };
		D97E931A2859A29800D1D9F0 /* TipsterUITests.m in Sources */ = {isa = PBXBuildFile; fileRef = D97E93192859A29800D1D9F0 /* TipsterUITests.m */; };
		D97E931C2859A29800D1D9F0 /* TipsterUITestsLaunchTests.m in Sources */ = {isa = PBXBuildFile; fileRef = D97E931B2859A29800D1D9F0 /* TipsterUITestsLaunchTests.m */; };
/* End PBXBuildFile section */

/* Begin PBXContainerItemProxy section */
		D97E930C2859A29800D1D9F0 /* PBXContainerItemProxy */ = {
			isa = PBXContainerItemProxy;
			containerPortal = D97E92E82859A29600D1D9F0 /* Project object */;
			proxyType = 1;
			remoteGlobalIDString = D97E92EF2859A29600D1D9F0;
			remoteInfo = Tipster;
		};
		D97E93162859A29800D1D9F0 /* PBXContainerItemProxy */ = {
			isa = PBXContainerItemProxy;
			containerPortal = D97E92E82859A29600D1D9F0 /* Project object */;
			proxyType = 1;
			remoteGlobalIDString = D97E92EF2859A29600D1D9F0;
			remoteInfo = Tipster;
		};
/* End PBXContainerItemProxy section */

/* Begin PBXFileReference section */
		D97E92F02859A29600D1D9F0 /* Tipster.app */ = {isa = PBXFileReference; explicitFileType = wrapper.application; includeInIndex = 0; path = Tipster.app; sourceTree = BUILT_PRODUCTS_DIR; };
		D97E92F32859A29600D1D9F0 /* AppDelegate.h */ = {isa = PBXFileReference; lastKnownFileType = sourcecode.c.h; path = AppDelegate.h; sourceTree = "<group>"; };
		D97E92F42859A29600D1D9F0 /* AppDelegate.m */ = {isa = PBXFileReference; lastKnownFileType = sourcecode.c.objc; path = AppDelegate.m; sourceTree = "<group>"; };
		D97E92F62859A29600D1D9F0 /* SceneDelegate.h */ = {isa = PBXFileReference; lastKnownFileType = sourcecode.c.h; path = SceneDelegate.h; sourceTree = "<group>"; };
		D97E92F72859A29600D1D9F0 /* SceneDelegate.m */ = {isa = PBXFileReference; lastKnownFileType = sourcecode.c.objc; path = SceneDelegate.m; sourceTree = "<group>"; };
		D97E92F92859A29600D1D9F0 /* ViewController.h */ = {isa = PBXFileReference; lastKnownFileType = sourcecode.c.h; path = ViewController.h; sourceTree = "<group>"; };
		D97E92FA2859A29600D1D9F0 /* ViewController.m */ = {isa = PBXFileReference; lastKnownFileType = sourcecode.c.objc; path = ViewController.m; sourceTree = "<group>"; };
		D97E92FD2859A29600D1D9F0 /* Base */ = {isa = PBXFileReference; lastKnownFileType = file.storyboard; name = Base; path = Base.lproj/Main.storyboard; sourceTree = "<group>"; };
		D97E92FF2859A29800D1D9F0 /* Assets.xcassets */ = {isa = PBXFileReference; lastKnownFileType = folder.assetcatalog; path = Assets.xcassets; sourceTree = "<group>"; };
		D97E93022859A29800D1D9F0 /* Base */ = {isa = PBXFileReference; lastKnownFileType = file.storyboard; name = Base; path = Base.lproj/LaunchScreen.storyboard; sourceTree = "<group>"; };
		D97E93042859A29800D1D9F0 /* Info.plist */ = {isa = PBXFileReference; lastKnownFileType = text.plist.xml; path = Info.plist; sourceTree = "<group>"; };
		D97E93052859A29800D1D9F0 /* main.m */ = {isa = PBXFileReference; lastKnownFileType = sourcecode.c.objc; path = main.m; sourceTree = "<group>"; };
		D97E930B2859A29800D1D9F0 /* TipsterTests.xctest */ = {isa = PBXFileReference; explicitFileType = wrapper.cfbundle; includeInIndex = 0; path = TipsterTests.xctest; sourceTree = BUILT_PRODUCTS_DIR; };
		D97E930F2859A29800D1D9F0 /* TipsterTests.m */ = {isa = PBXFileReference; lastKnownFileType = sourcecode.c.objc; path = TipsterTests.m; sourceTree = "<group>"; };
		D97E93152859A29800D1D9F0 /* TipsterUITests.xctest */ = {isa = PBXFileReference; explicitFileType = wrapper.cfbundle; includeInIndex = 0; path = TipsterUITests.xctest; sourceTree = BUILT_PRODUCTS_DIR; };
		D97E93192859A29800D1D9F0 /* TipsterUITests.m */ = {isa = PBXFileReference; lastKnownFileType = sourcecode.c.objc; path = TipsterUITests.m; sourceTree = "<group>"; };
		D97E931B2859A29800D1D9F0 /* TipsterUITestsLaunchTests.m */ = {isa = PBXFileReference; lastKnownFileType = sourcecode.c.objc; path = TipsterUITestsLaunchTests.m; sourceTree = "<group>"; };
/* End PBXFileReference section */

/* Begin PBXFrameworksBuildPhase section */
		D97E92ED2859A29600D1D9F0 /* Frameworks */ = {
			isa = PBXFrameworksBuildPhase;
			buildActionMask = 2147483647;
			files = (
			);
			runOnlyForDeploymentPostprocessing = 0;
		};
		D97E93082859A29800D1D9F0 /* Frameworks */ = {
			isa = PBXFrameworksBuildPhase;
			buildActionMask = 2147483647;
			files = (
			);
			runOnlyForDeploymentPostprocessing = 0;
		};
		D97E93122859A29800D1D9F0 /* Frameworks */ = {
			isa = PBXFrameworksBuildPhase;
			buildActionMask = 2147483647;
			files = (
			);
			runOnlyForDeploymentPostprocessing = 0;
		};
/* End PBXFrameworksBuildPhase section */

/* Begin PBXGroup section */
		D97E92E72859A29600D1D9F0 = {
			isa = PBXGroup;
			children = (
				D97E92F22859A29600D1D9F0 /* Tipster */,
				D97E930E2859A29800D1D9F0 /* TipsterTests */,
				D97E93182859A29800D1D9F0 /* TipsterUITests */,
				D97E92F12859A29600D1D9F0 /* Products */,
			);
			sourceTree = "<group>";
		};
		D97E92F12859A29600D1D9F0 /* Products */ = {
			isa = PBXGroup;
			children = (
				D97E92F02859A29600D1D9F0 /* Tipster.app */,
				D97E930B2859A29800D1D9F0 /* TipsterTests.xctest */,
				D97E93152859A29800D1D9F0 /* TipsterUITests.xctest */,
			);
			name = Products;
			sourceTree = "<group>";
		};
		D97E92F22859A29600D1D9F0 /* Tipster */ = {
			isa = PBXGroup;
			children = (
				D97E92F32859A29600D1D9F0 /* AppDelegate.h */,
				D97E92F42859A29600D1D9F0 /* AppDelegate.m */,
				D97E92F62859A29600D1D9F0 /* SceneDelegate.h */,
				D97E92F72859A29600D1D9F0 /* SceneDelegate.m */,
				D97E92F92859A29600D1D9F0 /* ViewController.h */,
				D97E92FA2859A29600D1D9F0 /* ViewController.m */,
				D97E92FC2859A29600D1D9F0 /* Main.storyboard */,
				D97E92FF2859A29800D1D9F0 /* Assets.xcassets */,
				D97E93012859A29800D1D9F0 /* LaunchScreen.storyboard */,
				D97E93042859A29800D1D9F0 /* Info.plist */,
				D97E93052859A29800D1D9F0 /* main.m */,
			);
			path = Tipster;
			sourceTree = "<group>";
		};
		D97E930E2859A29800D1D9F0 /* TipsterTests */ = {
			isa = PBXGroup;
			children = (
				D97E930F2859A29800D1D9F0 /* TipsterTests.m */,
			);
			path = TipsterTests;
			sourceTree = "<group>";
		};
		D97E93182859A29800D1D9F0 /* TipsterUITests */ = {
			isa = PBXGroup;
			children = (
				D97E93192859A29800D1D9F0 /* TipsterUITests.m */,
				D97E931B2859A29800D1D9F0 /* TipsterUITestsLaunchTests.m */,
			);
			path = TipsterUITests;
			sourceTree = "<group>";
		};
/* End PBXGroup section */

/* Begin PBXNativeTarget section */
		D97E92EF2859A29600D1D9F0 /* Tipster */ = {
			isa = PBXNativeTarget;
			buildConfigurationList = D97E931F2859A29800D1D9F0 /* Build configuration list for PBXNativeTarget "Tipster" */;
			buildPhases = (
				D97E92EC2859A29600D1D9F0 /* Sources */,
				D97E92ED2859A29600D1D9F0 /* Frameworks */,
				D97E92EE2859A29600D1D9F0 /* Resources */,
			);
			buildRules = (
			);
			dependencies = (
			);
			name = Tipster;
			productName = Tipster;
			productReference = D97E92F02859A29600D1D9F0 /* Tipster.app */;
			productType = "com.apple.product-type.application";
		};
		D97E930A2859A29800D1D9F0 /* TipsterTests */ = {
			isa = PBXNativeTarget;
			buildConfigurationList = D97E93222859A29800D1D9F0 /* Build configuration list for PBXNativeTarget "TipsterTests" */;
			buildPhases = (
				D97E93072859A29800D1D9F0 /* Sources */,
				D97E93082859A29800D1D9F0 /* Frameworks */,
				D97E93092859A29800D1D9F0 /* Resources */,
			);
			buildRules = (
			);
			dependencies = (
				D97E930D2859A29800D1D9F0 /* PBXTargetDependency */,
			);
			name = TipsterTests;
			productName = TipsterTests;
			productReference = D97E930B2859A29800D1D9F0 /* TipsterTests.xctest */;
			productType = "com.apple.product-type.bundle.unit-test";
		};
		D97E93142859A29800D1D9F0 /* TipsterUITests */ = {
			isa = PBXNativeTarget;
			buildConfigurationList = D97E93252859A29800D1D9F0 /* Build configuration list for PBXNativeTarget "TipsterUITests" */;
			buildPhases = (
				D97E93112859A29800D1D9F0 /* Sources */,
				D97E93122859A29800D1D9F0 /* Frameworks */,
				D97E93132859A29800D1D9F0 /* Resources */,
			);
			buildRules = (
			);
			dependencies = (
				D97E93172859A29800D1D9F0 /* PBXTargetDependency */,
			);
			name = TipsterUITests;
			productName = TipsterUITests;
			productReference = D97E93152859A29800D1D9F0 /* TipsterUITests.xctest */;
			productType = "com.apple.product-type.bundle.ui-testing";
		};
/* End PBXNativeTarget section */

/* Begin PBXProject section */
		D97E92E82859A29600D1D9F0 /* Project object */ = {
			isa = PBXProject;
			attributes = {
				BuildIndependentTargetsInParallel = 1;
				LastUpgradeCheck = 1340;
				TargetAttributes = {
					D97E92EF2859A29600D1D9F0 = {
						CreatedOnToolsVersion = 13.4.1;
					};
					D97E930A2859A29800D1D9F0 = {
						CreatedOnToolsVersion = 13.4.1;
						TestTargetID = D97E92EF2859A29600D1D9F0;
					};
					D97E93142859A29800D1D9F0 = {
						CreatedOnToolsVersion = 13.4.1;
						TestTargetID = D97E92EF2859A29600D1D9F0;
					};
				};
			};
			buildConfigurationList = D97E92EB2859A29600D1D9F0 /* Build configuration list for PBXProject "Tipster" */;
			compatibilityVersion = "Xcode 13.0";
			developmentRegion = en;
			hasScannedForEncodings = 0;
			knownRegions = (
				en,
				Base,
			);
			mainGroup = D97E92E72859A29600D1D9F0;
			productRefGroup = D97E92F12859A29600D1D9F0 /* Products */;
			projectDirPath = "";
			projectRoot = "";
			targets = (
				D97E92EF2859A29600D1D9F0 /* Tipster */,
				D97E930A2859A29800D1D9F0 /* TipsterTests */,
				D97E93142859A29800D1D9F0 /* TipsterUITests */,
			);
		};
/* End PBXProject section */

/* Begin PBXResourcesBuildPhase section */
		D97E92EE2859A29600D1D9F0 /* Resources */ = {
			isa = PBXResourcesBuildPhase;
			buildActionMask = 2147483647;
			files = (
				D97E93032859A29800D1D9F0 /* LaunchScreen.storyboard in Resources */,
				D97E93002859A29800D1D9F0 /* Assets.xcassets in Resources */,
				D97E92FE2859A29600D1D9F0 /* Main.storyboard in Resources */,
			);
			runOnlyForDeploymentPostprocessing = 0;
		};
		D97E93092859A29800D1D9F0 /* Resources */ = {
			isa = PBXResourcesBuildPhase;
			buildActionMask = 2147483647;
			files = (
			);
			runOnlyForDeploymentPostprocessing = 0;
		};
		D97E93132859A29800D1D9F0 /* Resources */ = {
			isa = PBXResourcesBuildPhase;
			buildActionMask = 2147483647;
			files = (
			);
			runOnlyForDeploymentPostprocessing = 0;
		};
/* End PBXResourcesBuildPhase section */

/* Begin PBXSourcesBuildPhase section */
		D97E92EC2859A29600D1D9F0 /* Sources */ = {
			isa = PBXSourcesBuildPhase;
			buildActionMask = 2147483647;
			files = (
				D97E92FB2859A29600D1D9F0 /* ViewController.m in Sources */,
				D97E92F52859A29600D1D9F0 /* AppDelegate.m in Sources */,
				D97E93062859A29800D1D9F0 /* main.m in Sources */,
				D97E92F82859A29600D1D9F0 /* SceneDelegate.m in Sources */,
			);
			runOnlyForDeploymentPostprocessing = 0;
		};
		D97E93072859A29800D1D9F0 /* Sources */ = {
			isa = PBXSourcesBuildPhase;
			buildActionMask = 2147483647;
			files = (
				D97E93102859A29800D1D9F0 /* TipsterTests.m in Sources */,
			);
			runOnlyForDeploymentPostprocessing = 0;
		};
		D97E93112859A29800D1D9F0 /* Sources */ = {
			isa = PBXSourcesBuildPhase;
			buildActionMask = 2147483647;
			files = (
				D97E931C2859A29800D1D9F0 /* TipsterUITestsLaunchTests.m in Sources */,
				D97E931A2859A29800D1D9F0 /* TipsterUITests.m in Sources */,
			);
			runOnlyForDeploymentPostprocessing = 0;
		};
/* End PBXSourcesBuildPhase section */

/* Begin PBXTargetDependency section */
		D97E930D2859A29800D1D9F0 /* PBXTargetDependency */ = {
			isa = PBXTargetDependency;
			target = D97E92EF2859A29600D1D9F0 /* Tipster */;
			targetProxy = D97E930C2859A29800D1D9F0 /* PBXContainerItemProxy */;
		};
		D97E93172859A29800D1D9F0 /* PBXTargetDependency */ = {
			isa = PBXTargetDependency;
			target = D97E92EF2859A29600D1D9F0 /* Tipster */;
			targetProxy = D97E93162859A29800D1D9F0 /* PBXContainerItemProxy */;
		};
/* End PBXTargetDependency section */

/* Begin PBXVariantGroup section */
		D97E92FC2859A29600D1D9F0 /* Main.storyboard */ = {
			isa = PBXVariantGroup;
			children = (
				D97E92FD2859A29600D1D9F0 /* Base */,
			);
			name = Main.storyboard;
			sourceTree = "<group>";
		};
		D97E93012859A29800D1D9F0 /* LaunchScreen.storyboard */ = {
			isa = PBXVariantGroup;
			children = (
				D97E93022859A29800D1D9F0 /* Base */,
			);
			name = LaunchScreen.storyboard;
			sourceTree = "<group>";
		};
/* End PBXVariantGroup section */

/* Begin XCBuildConfiguration section */
		D97E931D2859A29800D1D9F0 /* Debug */ = {
			isa = XCBuildConfiguration;
			buildSettings = {
				ALWAYS_SEARCH_USER_PATHS = NO;
				CLANG_ANALYZER_NONNULL = YES;
				CLANG_ANALYZER_NUMBER_OBJECT_CONVERSION = YES_AGGRESSIVE;
				CLANG_CXX_LANGUAGE_STANDARD = "gnu++17";
				CLANG_ENABLE_MODULES = YES;
				CLANG_ENABLE_OBJC_ARC = YES;
				CLANG_ENABLE_OBJC_WEAK = YES;
				CLANG_WARN_BLOCK_CAPTURE_AUTORELEASING = YES;
				CLANG_WARN_BOOL_CONVERSION = YES;
				CLANG_WARN_COMMA = YES;
				CLANG_WARN_CONSTANT_CONVERSION = YES;
				CLANG_WARN_DEPRECATED_OBJC_IMPLEMENTATIONS = YES;
				CLANG_WARN_DIRECT_OBJC_ISA_USAGE = YES_ERROR;
				CLANG_WARN_DOCUMENTATION_COMMENTS = YES;
				CLANG_WARN_EMPTY_BODY = YES;
				CLANG_WARN_ENUM_CONVERSION = YES;
				CLANG_WARN_INFINITE_RECURSION = YES;
				CLANG_WARN_INT_CONVERSION = YES;
				CLANG_WARN_NON_LITERAL_NULL_CONVERSION = YES;
				CLANG_WARN_OBJC_IMPLICIT_RETAIN_SELF = YES;
				CLANG_WARN_OBJC_LITERAL_CONVERSION = YES;
				CLANG_WARN_OBJC_ROOT_CLASS = YES_ERROR;
				CLANG_WARN_QUOTED_INCLUDE_IN_FRAMEWORK_HEADER = YES;
				CLANG_WARN_RANGE_LOOP_ANALYSIS = YES;
				CLANG_WARN_STRICT_PROTOTYPES = YES;
				CLANG_WARN_SUSPICIOUS_MOVE = YES;
				CLANG_WARN_UNGUARDED_AVAILABILITY = YES_AGGRESSIVE;
				CLANG_WARN_UNREACHABLE_CODE = YES;
				CLANG_WARN__DUPLICATE_METHOD_MATCH = YES;
				COPY_PHASE_STRIP = NO;
				DEBUG_INFORMATION_FORMAT = dwarf;
				ENABLE_STRICT_OBJC_MSGSEND = YES;
				ENABLE_TESTABILITY = YES;
				GCC_C_LANGUAGE_STANDARD = gnu11;
				GCC_DYNAMIC_NO_PIC = NO;
				GCC_NO_COMMON_BLOCKS = YES;
				GCC_OPTIMIZATION_LEVEL = 0;
				GCC_PREPROCESSOR_DEFINITIONS = (
					"DEBUG=1",
					"$(inherited)",
				);
				GCC_WARN_64_TO_32_BIT_CONVERSION = YES;
				GCC_WARN_ABOUT_RETURN_TYPE = YES_ERROR;
				GCC_WARN_UNDECLARED_SELECTOR = YES;
				GCC_WARN_UNINITIALIZED_AUTOS = YES_AGGRESSIVE;
				GCC_WARN_UNUSED_FUNCTION = YES;
				GCC_WARN_UNUSED_VARIABLE = YES;
				IPHONEOS_DEPLOYMENT_TARGET = 15.5;
				MTL_ENABLE_DEBUG_INFO = INCLUDE_SOURCE;
				MTL_FAST_MATH = YES;
				ONLY_ACTIVE_ARCH = YES;
				SDKROOT = iphoneos;
			};
			name = Debug;
		};
		D97E931E2859A29800D1D9F0 /* Release */ = {
			isa = XCBuildConfiguration;
			buildSettings = {
				ALWAYS_SEARCH_USER_PATHS = NO;
				CLANG_ANALYZER_NONNULL = YES;
				CLANG_ANALYZER_NUMBER_OBJECT_CONVERSION = YES_AGGRESSIVE;
				CLANG_CXX_LANGUAGE_STANDARD = "gnu++17";
				CLANG_ENABLE_MODULES = YES;
				CLANG_ENABLE_OBJC_ARC = YES;
				CLANG_ENABLE_OBJC_WEAK = YES;
				CLANG_WARN_BLOCK_CAPTURE_AUTORELEASING = YES;
				CLANG_WARN_BOOL_CONVERSION = YES;
				CLANG_WARN_COMMA = YES;
				CLANG_WARN_CONSTANT_CONVERSION = YES;
				CLANG_WARN_DEPRECATED_OBJC_IMPLEMENTATIONS = YES;
				CLANG_WARN_DIRECT_OBJC_ISA_USAGE = YES_ERROR;
				CLANG_WARN_DOCUMENTATION_COMMENTS = YES;
				CLANG_WARN_EMPTY_BODY = YES;
				CLANG_WARN_ENUM_CONVERSION = YES;
				CLANG_WARN_INFINITE_RECURSION = YES;
				CLANG_WARN_INT_CONVERSION = YES;
				CLANG_WARN_NON_LITERAL_NULL_CONVERSION = YES;
				CLANG_WARN_OBJC_IMPLICIT_RETAIN_SELF = YES;
				CLANG_WARN_OBJC_LITERAL_CONVERSION = YES;
				CLANG_WARN_OBJC_ROOT_CLASS = YES_ERROR;
				CLANG_WARN_QUOTED_INCLUDE_IN_FRAMEWORK_HEADER = YES;
				CLANG_WARN_RANGE_LOOP_ANALYSIS = YES;
				CLANG_WARN_STRICT_PROTOTYPES = YES;
				CLANG_WARN_SUSPICIOUS_MOVE = YES;
				CLANG_WARN_UNGUARDED_AVAILABILITY = YES_AGGRESSIVE;
				CLANG_WARN_UNREACHABLE_CODE = YES;
				CLANG_WARN__DUPLICATE_METHOD_MATCH = YES;
				COPY_PHASE_STRIP = NO;
				DEBUG_INFORMATION_FORMAT = "dwarf-with-dsym";
				ENABLE_NS_ASSERTIONS = NO;
				ENABLE_STRICT_OBJC_MSGSEND = YES;
				GCC_C_LANGUAGE_STANDARD = gnu11;
				GCC_NO_COMMON_BLOCKS = YES;
				GCC_WARN_64_TO_32_BIT_CONVERSION = YES;
				GCC_WARN_ABOUT_RETURN_TYPE = YES_ERROR;
				GCC_WARN_UNDECLARED_SELECTOR = YES;
				GCC_WARN_UNINITIALIZED_AUTOS = YES_AGGRESSIVE;
				GCC_WARN_UNUSED_FUNCTION = YES;
				GCC_WARN_UNUSED_VARIABLE = YES;
				IPHONEOS_DEPLOYMENT_TARGET = 15.5;
				MTL_ENABLE_DEBUG_INFO = NO;
				MTL_FAST_MATH = YES;
				SDKROOT = iphoneos;
				VALIDATE_PRODUCT = YES;
			};
			name = Release;
		};
		D97E93202859A29800D1D9F0 /* Debug */ = {
			isa = XCBuildConfiguration;
			buildSettings = {
				ASSETCATALOG_COMPILER_APPICON_NAME = AppIcon;
				ASSETCATALOG_COMPILER_GLOBAL_ACCENT_COLOR_NAME = AccentColor;
				CODE_SIGN_STYLE = Automatic;
				CURRENT_PROJECT_VERSION = 1;
				GENERATE_INFOPLIST_FILE = YES;
				INFOPLIST_FILE = Tipster/Info.plist;
				INFOPLIST_KEY_UIApplicationSupportsIndirectInputEvents = YES;
				INFOPLIST_KEY_UILaunchStoryboardName = LaunchScreen;
				INFOPLIST_KEY_UIMainStoryboardFile = Main;
				INFOPLIST_KEY_UISupportedInterfaceOrientations_iPad = "UIInterfaceOrientationPortrait UIInterfaceOrientationPortraitUpsideDown UIInterfaceOrientationLandscapeLeft UIInterfaceOrientationLandscapeRight";
				INFOPLIST_KEY_UISupportedInterfaceOrientations_iPhone = "UIInterfaceOrientationPortrait UIInterfaceOrientationLandscapeLeft UIInterfaceOrientationLandscapeRight";
				LD_RUNPATH_SEARCH_PATHS = (
					"$(inherited)",
					"@executable_path/Frameworks",
				);
				MARKETING_VERSION = 1.0;
				PRODUCT_BUNDLE_IDENTIFIER = com.Tip.Tipster;
				PRODUCT_NAME = "$(TARGET_NAME)";
				SWIFT_EMIT_LOC_STRINGS = YES;
				TARGETED_DEVICE_FAMILY = "1,2";
			};
			name = Debug;
		};
		D97E93212859A29800D1D9F0 /* Release */ = {
			isa = XCBuildConfiguration;
			buildSettings = {
				ASSETCATALOG_COMPILER_APPICON_NAME = AppIcon;
				ASSETCATALOG_COMPILER_GLOBAL_ACCENT_COLOR_NAME = AccentColor;
				CODE_SIGN_STYLE = Automatic;
				CURRENT_PROJECT_VERSION = 1;
				GENERATE_INFOPLIST_FILE = YES;
				INFOPLIST_FILE = Tipster/Info.plist;
				INFOPLIST_KEY_UIApplicationSupportsIndirectInputEvents = YES;
				INFOPLIST_KEY_UILaunchStoryboardName = LaunchScreen;
				INFOPLIST_KEY_UIMainStoryboardFile = Main;
				INFOPLIST_KEY_UISupportedInterfaceOrientations_iPad = "UIInterfaceOrientationPortrait UIInterfaceOrientationPortraitUpsideDown UIInterfaceOrientationLandscapeLeft UIInterfaceOrientationLandscapeRight";
				INFOPLIST_KEY_UISupportedInterfaceOrientations_iPhone = "UIInterfaceOrientationPortrait UIInterfaceOrientationLandscapeLeft UIInterfaceOrientationLandscapeRight";
				LD_RUNPATH_SEARCH_PATHS = (
					"$(inherited)",
					"@executable_path/Frameworks",
				);
				MARKETING_VERSION = 1.0;
				PRODUCT_BUNDLE_IDENTIFIER = com.Tip.Tipster;
				PRODUCT_NAME = "$(TARGET_NAME)";
				SWIFT_EMIT_LOC_STRINGS = YES;
				TARGETED_DEVICE_FAMILY = "1,2";
			};
			name = Release;
		};
		D97E93232859A29800D1D9F0 /* Debug */ = {
			isa = XCBuildConfiguration;
			buildSettings = {
				BUNDLE_LOADER = "$(TEST_HOST)";
				CODE_SIGN_STYLE = Automatic;
				CURRENT_PROJECT_VERSION = 1;
				GENERATE_INFOPLIST_FILE = YES;
				IPHONEOS_DEPLOYMENT_TARGET = 15.5;
				MARKETING_VERSION = 1.0;
				PRODUCT_BUNDLE_IDENTIFIER = com.Tip.TipsterTests;
				PRODUCT_NAME = "$(TARGET_NAME)";
				SWIFT_EMIT_LOC_STRINGS = NO;
				TARGETED_DEVICE_FAMILY = "1,2";
				TEST_HOST = "$(BUILT_PRODUCTS_DIR)/Tipster.app/Tipster";
			};
			name = Debug;
		};
		D97E93242859A29800D1D9F0 /* Release */ = {
			isa = XCBuildConfiguration;
			buildSettings = {
				BUNDLE_LOADER = "$(TEST_HOST)";
				CODE_SIGN_STYLE = Automatic;
				CURRENT_PROJECT_VERSION = 1;
				GENERATE_INFOPLIST_FILE = YES;
				IPHONEOS_DEPLOYMENT_TARGET = 15.5;
				MARKETING_VERSION = 1.0;
				PRODUCT_BUNDLE_IDENTIFIER = com.Tip.TipsterTests;
				PRODUCT_NAME = "$(TARGET_NAME)";
				SWIFT_EMIT_LOC_STRINGS = NO;
				TARGETED_DEVICE_FAMILY = "1,2";
				TEST_HOST = "$(BUILT_PRODUCTS_DIR)/Tipster.app/Tipster";
			};
			name = Release;
		};
		D97E93262859A29800D1D9F0 /* Debug */ = {
			isa = XCBuildConfiguration;
			buildSettings = {
				CODE_SIGN_STYLE = Automatic;
				CURRENT_PROJECT_VERSION = 1;
				GENERATE_INFOPLIST_FILE = YES;
				MARKETING_VERSION = 1.0;
				PRODUCT_BUNDLE_IDENTIFIER = com.Tip.TipsterUITests;
				PRODUCT_NAME = "$(TARGET_NAME)";
				SWIFT_EMIT_LOC_STRINGS = NO;
				TARGETED_DEVICE_FAMILY = "1,2";
				TEST_TARGET_NAME = Tipster;
			};
			name = Debug;
		};
		D97E93272859A29800D1D9F0 /* Release */ = {
			isa = XCBuildConfiguration;
			buildSettings = {
				CODE_SIGN_STYLE = Automatic;
				CURRENT_PROJECT_VERSION = 1;
				GENERATE_INFOPLIST_FILE = YES;
				MARKETING_VERSION = 1.0;
				PRODUCT_BUNDLE_IDENTIFIER = com.Tip.TipsterUITests;
				PRODUCT_NAME = "$(TARGET_NAME)";
				SWIFT_EMIT_LOC_STRINGS = NO;
				TARGETED_DEVICE_FAMILY = "1,2";
				TEST_TARGET_NAME = Tipster;
			};
			name = Release;
		};
/* End XCBuildConfiguration section */

/* Begin XCConfigurationList section */
		D97E92EB2859A29600D1D9F0 /* Build configuration list for PBXProject "Tipster" */ = {
			isa = XCConfigurationList;
			buildConfigurations = (
				D97E931D2859A29800D1D9F0 /* Debug */,
				D97E931E2859A29800D1D9F0 /* Release */,
			);
			defaultConfigurationIsVisible = 0;
			defaultConfigurationName = Release;
		};
		D97E931F2859A29800D1D9F0 /* Build configuration list for PBXNativeTarget "Tipster" */ = {
			isa = XCConfigurationList;
			buildConfigurations = (
				D97E93202859A29800D1D9F0 /* Debug */,
				D97E93212859A29800D1D9F0 /* Release */,
			);
			defaultConfigurationIsVisible = 0;
			defaultConfigurationName = Release;
		};
		D97E93222859A29800D1D9F0 /* Build configuration list for PBXNativeTarget "TipsterTests" */ = {
			isa = XCConfigurationList;
			buildConfigurations = (
				D97E93232859A29800D1D9F0 /* Debug */,
				D97E93242859A29800D1D9F0 /* Release */,
			);
			defaultConfigurationIsVisible = 0;
			defaultConfigurationName = Release;
		};
		D97E93252859A29800D1D9F0 /* Build configuration list for PBXNativeTarget "TipsterUITests" */ = {
			isa = XCConfigurationList;
			buildConfigurations = (
				D97E93262859A29800D1D9F0 /* Debug */,
				D97E93272859A29800D1D9F0 /* Release */,
			);
			defaultConfigurationIsVisible = 0;
			defaultConfigurationName = Release;
		};
/* End XCConfigurationList section */
	};
	rootObject = D97E92E82859A29600D1D9F0 /* Project object */;
}
